// !$*UTF8*$!
{
	archiveVersion = 1;
	classes = {
	};
	objectVersion = 51;
	objects = {

/* Begin PBXBuildFile section */
		80479578BAA1785040B946AE /* Pods_CrazyRequest.framework in Frameworks */ = {isa = PBXBuildFile; fileRef = F3C07E7C9998ABEDA8022705 /* Pods_CrazyRequest.framework */; };
		ED0F41B22359886600A6ADEB /* AppDelegate.swift in Sources */ = {isa = PBXBuildFile; fileRef = ED0F41B12359886600A6ADEB /* AppDelegate.swift */; };
		ED0F41B42359886600A6ADEB /* SceneDelegate.swift in Sources */ = {isa = PBXBuildFile; fileRef = ED0F41B32359886600A6ADEB /* SceneDelegate.swift */; };
		ED0F41B62359886600A6ADEB /* ViewController.swift in Sources */ = {isa = PBXBuildFile; fileRef = ED0F41B52359886600A6ADEB /* ViewController.swift */; };
		ED0F41B92359886600A6ADEB /* Main.storyboard in Resources */ = {isa = PBXBuildFile; fileRef = ED0F41B72359886600A6ADEB /* Main.storyboard */; };
		ED0F41BB2359886800A6ADEB /* Assets.xcassets in Resources */ = {isa = PBXBuildFile; fileRef = ED0F41BA2359886800A6ADEB /* Assets.xcassets */; };
		ED0F41BE2359886800A6ADEB /* LaunchScreen.storyboard in Resources */ = {isa = PBXBuildFile; fileRef = ED0F41BC2359886800A6ADEB /* LaunchScreen.storyboard */; };
		ED0F41C62359930F00A6ADEB /* CWLog.swift in Sources */ = {isa = PBXBuildFile; fileRef = ED0F41C52359930F00A6ADEB /* CWLog.swift */; };
		ED90A35F235D9B3800CEC20E /* LoginViewController.swift in Sources */ = {isa = PBXBuildFile; fileRef = ED90A35E235D9B3800CEC20E /* LoginViewController.swift */; };
		ED9BCB53235F0F4C004775B0 /* DevicesTableViewController.swift in Sources */ = {isa = PBXBuildFile; fileRef = ED9BCB52235F0F4C004775B0 /* DevicesTableViewController.swift */; };
		ED9BCB57235F1240004775B0 /* DeviceModel.swift in Sources */ = {isa = PBXBuildFile; fileRef = ED9BCB56235F1240004775B0 /* DeviceModel.swift */; };
/* End PBXBuildFile section */

/* Begin PBXFileReference section */
		744C36C940C610E6C669C9CA /* Pods-CrazyRequest.debug.xcconfig */ = {isa = PBXFileReference; includeInIndex = 1; lastKnownFileType = text.xcconfig; name = "Pods-CrazyRequest.debug.xcconfig"; path = "Target Support Files/Pods-CrazyRequest/Pods-CrazyRequest.debug.xcconfig"; sourceTree = "<group>"; };
		E99B798140C8D4CE46FABAEA /* Pods-CrazyRequest.release.xcconfig */ = {isa = PBXFileReference; includeInIndex = 1; lastKnownFileType = text.xcconfig; name = "Pods-CrazyRequest.release.xcconfig"; path = "Target Support Files/Pods-CrazyRequest/Pods-CrazyRequest.release.xcconfig"; sourceTree = "<group>"; };
		ED0F41AE2359886600A6ADEB /* CrazyRequest.app */ = {isa = PBXFileReference; explicitFileType = wrapper.application; includeInIndex = 0; path = CrazyRequest.app; sourceTree = BUILT_PRODUCTS_DIR; };
		ED0F41B12359886600A6ADEB /* AppDelegate.swift */ = {isa = PBXFileReference; lastKnownFileType = sourcecode.swift; path = AppDelegate.swift; sourceTree = "<group>"; };
		ED0F41B32359886600A6ADEB /* SceneDelegate.swift */ = {isa = PBXFileReference; lastKnownFileType = sourcecode.swift; path = SceneDelegate.swift; sourceTree = "<group>"; };
		ED0F41B52359886600A6ADEB /* ViewController.swift */ = {isa = PBXFileReference; lastKnownFileType = sourcecode.swift; path = ViewController.swift; sourceTree = "<group>"; };
		ED0F41B82359886600A6ADEB /* Base */ = {isa = PBXFileReference; lastKnownFileType = file.storyboard; name = Base; path = Base.lproj/Main.storyboard; sourceTree = "<group>"; };
		ED0F41BA2359886800A6ADEB /* Assets.xcassets */ = {isa = PBXFileReference; lastKnownFileType = folder.assetcatalog; path = Assets.xcassets; sourceTree = "<group>"; };
		ED0F41BD2359886800A6ADEB /* Base */ = {isa = PBXFileReference; lastKnownFileType = file.storyboard; name = Base; path = Base.lproj/LaunchScreen.storyboard; sourceTree = "<group>"; };
		ED0F41BF2359886800A6ADEB /* Info.plist */ = {isa = PBXFileReference; lastKnownFileType = text.plist.xml; path = Info.plist; sourceTree = "<group>"; };
		ED0F41C52359930F00A6ADEB /* CWLog.swift */ = {isa = PBXFileReference; fileEncoding = 4; lastKnownFileType = sourcecode.swift; path = CWLog.swift; sourceTree = "<group>"; };
		ED90A35E235D9B3800CEC20E /* LoginViewController.swift */ = {isa = PBXFileReference; lastKnownFileType = sourcecode.swift; path = LoginViewController.swift; sourceTree = "<group>"; };
		ED9BCB52235F0F4C004775B0 /* DevicesTableViewController.swift */ = {isa = PBXFileReference; lastKnownFileType = sourcecode.swift; path = DevicesTableViewController.swift; sourceTree = "<group>"; };
		ED9BCB56235F1240004775B0 /* DeviceModel.swift */ = {isa = PBXFileReference; lastKnownFileType = sourcecode.swift; path = DeviceModel.swift; sourceTree = "<group>"; };
		F3C07E7C9998ABEDA8022705 /* Pods_CrazyRequest.framework */ = {isa = PBXFileReference; explicitFileType = wrapper.framework; includeInIndex = 0; path = Pods_CrazyRequest.framework; sourceTree = BUILT_PRODUCTS_DIR; };
/* End PBXFileReference section */

/* Begin PBXFrameworksBuildPhase section */
		ED0F41AB2359886600A6ADEB /* Frameworks */ = {
			isa = PBXFrameworksBuildPhase;
			buildActionMask = 2147483647;
			files = (
				80479578BAA1785040B946AE /* Pods_CrazyRequest.framework in Frameworks */,
			);
			runOnlyForDeploymentPostprocessing = 0;
		};
/* End PBXFrameworksBuildPhase section */

/* Begin PBXGroup section */
		B11ACE774D8CBDA0E7B80620 /* Pods */ = {
			isa = PBXGroup;
			children = (
				744C36C940C610E6C669C9CA /* Pods-CrazyRequest.debug.xcconfig */,
				E99B798140C8D4CE46FABAEA /* Pods-CrazyRequest.release.xcconfig */,
			);
			path = Pods;
			sourceTree = "<group>";
		};
		E158FC61E152346CA643763F /* Frameworks */ = {
			isa = PBXGroup;
			children = (
				F3C07E7C9998ABEDA8022705 /* Pods_CrazyRequest.framework */,
			);
			name = Frameworks;
			sourceTree = "<group>";
		};
		ED0F41A52359886600A6ADEB = {
			isa = PBXGroup;
			children = (
				ED0F41B02359886600A6ADEB /* CrazyRequest */,
				ED0F41AF2359886600A6ADEB /* Products */,
				B11ACE774D8CBDA0E7B80620 /* Pods */,
				E158FC61E152346CA643763F /* Frameworks */,
			);
			sourceTree = "<group>";
		};
		ED0F41AF2359886600A6ADEB /* Products */ = {
			isa = PBXGroup;
			children = (
				ED0F41AE2359886600A6ADEB /* CrazyRequest.app */,
			);
			name = Products;
			sourceTree = "<group>";
		};
		ED0F41B02359886600A6ADEB /* CrazyRequest */ = {
			isa = PBXGroup;
			children = (
				ED0F41C52359930F00A6ADEB /* CWLog.swift */,
				ED0F41B12359886600A6ADEB /* AppDelegate.swift */,
				ED0F41B32359886600A6ADEB /* SceneDelegate.swift */,
				ED0F41B52359886600A6ADEB /* ViewController.swift */,
				ED0F41B72359886600A6ADEB /* Main.storyboard */,
				ED0F41BA2359886800A6ADEB /* Assets.xcassets */,
				ED0F41BC2359886800A6ADEB /* LaunchScreen.storyboard */,
				ED0F41BF2359886800A6ADEB /* Info.plist */,
				ED90A35E235D9B3800CEC20E /* LoginViewController.swift */,
				ED9BCB52235F0F4C004775B0 /* DevicesTableViewController.swift */,
				ED9BCB56235F1240004775B0 /* DeviceModel.swift */,
			);
			path = CrazyRequest;
			sourceTree = "<group>";
		};
/* End PBXGroup section */

/* Begin PBXNativeTarget section */
		ED0F41AD2359886600A6ADEB /* CrazyRequest */ = {
			isa = PBXNativeTarget;
			buildConfigurationList = ED0F41C22359886800A6ADEB /* Build configuration list for PBXNativeTarget "CrazyRequest" */;
			buildPhases = (
				37274254A5DB527B7F4E3FCF /* [CP] Check Pods Manifest.lock */,
				ED0F41AA2359886600A6ADEB /* Sources */,
				ED0F41AB2359886600A6ADEB /* Frameworks */,
				ED0F41AC2359886600A6ADEB /* Resources */,
				CAECEEE3ED27850FB23E912F /* [CP] Embed Pods Frameworks */,
			);
			buildRules = (
			);
			dependencies = (
			);
			name = CrazyRequest;
			productName = CrazyRequest;
			productReference = ED0F41AE2359886600A6ADEB /* CrazyRequest.app */;
			productType = "com.apple.product-type.application";
		};
/* End PBXNativeTarget section */

/* Begin PBXProject section */
		ED0F41A62359886600A6ADEB /* Project object */ = {
			isa = PBXProject;
			attributes = {
				LastSwiftUpdateCheck = 1110;
				LastUpgradeCheck = 1110;
				ORGANIZATIONNAME = martin;
				TargetAttributes = {
					ED0F41AD2359886600A6ADEB = {
						CreatedOnToolsVersion = 11.1;
					};
				};
			};
			buildConfigurationList = ED0F41A92359886600A6ADEB /* Build configuration list for PBXProject "CrazyRequest" */;
			compatibilityVersion = "Xcode 9.3";
			developmentRegion = en;
			hasScannedForEncodings = 0;
			knownRegions = (
				en,
				Base,
			);
			mainGroup = ED0F41A52359886600A6ADEB;
			productRefGroup = ED0F41AF2359886600A6ADEB /* Products */;
			projectDirPath = "";
			projectRoot = "";
			targets = (
				ED0F41AD2359886600A6ADEB /* CrazyRequest */,
			);
		};
/* End PBXProject section */

/* Begin PBXResourcesBuildPhase section */
		ED0F41AC2359886600A6ADEB /* Resources */ = {
			isa = PBXResourcesBuildPhase;
			buildActionMask = 2147483647;
			files = (
				ED0F41BE2359886800A6ADEB /* LaunchScreen.storyboard in Resources */,
				ED0F41BB2359886800A6ADEB /* Assets.xcassets in Resources */,
				ED0F41B92359886600A6ADEB /* Main.storyboard in Resources */,
			);
			runOnlyForDeploymentPostprocessing = 0;
		};
/* End PBXResourcesBuildPhase section */

/* Begin PBXShellScriptBuildPhase section */
		37274254A5DB527B7F4E3FCF /* [CP] Check Pods Manifest.lock */ = {
			isa = PBXShellScriptBuildPhase;
			buildActionMask = 2147483647;
			files = (
			);
			inputFileListPaths = (
			);
			inputPaths = (
				"${PODS_PODFILE_DIR_PATH}/Podfile.lock",
				"${PODS_ROOT}/Manifest.lock",
			);
			name = "[CP] Check Pods Manifest.lock";
			outputFileListPaths = (
			);
			outputPaths = (
				"$(DERIVED_FILE_DIR)/Pods-CrazyRequest-checkManifestLockResult.txt",
			);
			runOnlyForDeploymentPostprocessing = 0;
			shellPath = /bin/sh;
			shellScript = "diff \"${PODS_PODFILE_DIR_PATH}/Podfile.lock\" \"${PODS_ROOT}/Manifest.lock\" > /dev/null\nif [ $? != 0 ] ; then\n    # print error to STDERR\n    echo \"error: The sandbox is not in sync with the Podfile.lock. Run 'pod install' or update your CocoaPods installation.\" >&2\n    exit 1\nfi\n# This output is used by Xcode 'outputs' to avoid re-running this script phase.\necho \"SUCCESS\" > \"${SCRIPT_OUTPUT_FILE_0}\"\n";
			showEnvVarsInLog = 0;
		};
		CAECEEE3ED27850FB23E912F /* [CP] Embed Pods Frameworks */ = {
			isa = PBXShellScriptBuildPhase;
			buildActionMask = 2147483647;
			files = (
			);
			inputFileListPaths = (
				"${PODS_ROOT}/Target Support Files/Pods-CrazyRequest/Pods-CrazyRequest-frameworks-${CONFIGURATION}-input-files.xcfilelist",
			);
			name = "[CP] Embed Pods Frameworks";
			outputFileListPaths = (
				"${PODS_ROOT}/Target Support Files/Pods-CrazyRequest/Pods-CrazyRequest-frameworks-${CONFIGURATION}-output-files.xcfilelist",
			);
			runOnlyForDeploymentPostprocessing = 0;
			shellPath = /bin/sh;
			shellScript = "\"${PODS_ROOT}/Target Support Files/Pods-CrazyRequest/Pods-CrazyRequest-frameworks.sh\"\n";
			showEnvVarsInLog = 0;
		};
/* End PBXShellScriptBuildPhase section */

/* Begin PBXSourcesBuildPhase section */
		ED0F41AA2359886600A6ADEB /* Sources */ = {
			isa = PBXSourcesBuildPhase;
			buildActionMask = 2147483647;
			files = (
				ED0F41B62359886600A6ADEB /* ViewController.swift in Sources */,
				ED0F41B22359886600A6ADEB /* AppDelegate.swift in Sources */,
				ED9BCB53235F0F4C004775B0 /* DevicesTableViewController.swift in Sources */,
				ED0F41C62359930F00A6ADEB /* CWLog.swift in Sources */,
				ED9BCB57235F1240004775B0 /* DeviceModel.swift in Sources */,
				ED90A35F235D9B3800CEC20E /* LoginViewController.swift in Sources */,
				ED0F41B42359886600A6ADEB /* SceneDelegate.swift in Sources */,
			);
			runOnlyForDeploymentPostprocessing = 0;
		};
/* End PBXSourcesBuildPhase section */

/* Begin PBXVariantGroup section */
		ED0F41B72359886600A6ADEB /* Main.storyboard */ = {
			isa = PBXVariantGroup;
			children = (
				ED0F41B82359886600A6ADEB /* Base */,
			);
			name = Main.storyboard;
			sourceTree = "<group>";
		};
		ED0F41BC2359886800A6ADEB /* LaunchScreen.storyboard */ = {
			isa = PBXVariantGroup;
			children = (
				ED0F41BD2359886800A6ADEB /* Base */,
			);
			name = LaunchScreen.storyboard;
			sourceTree = "<group>";
		};
/* End PBXVariantGroup section */

/* Begin XCBuildConfiguration section */
		ED0F41C02359886800A6ADEB /* Debug */ = {
			isa = XCBuildConfiguration;
			buildSettings = {
				ALWAYS_SEARCH_USER_PATHS = NO;
				CLANG_ANALYZER_NONNULL = YES;
				CLANG_ANALYZER_NUMBER_OBJECT_CONVERSION = YES_AGGRESSIVE;
				CLANG_CXX_LANGUAGE_STANDARD = "gnu++14";
				CLANG_CXX_LIBRARY = "libc++";
				CLANG_ENABLE_MODULES = YES;
				CLANG_ENABLE_OBJC_ARC = YES;
				CLANG_ENABLE_OBJC_WEAK = YES;
				CLANG_WARN_BLOCK_CAPTURE_AUTORELEASING = YES;
				CLANG_WARN_BOOL_CONVERSION = YES;
				CLANG_WARN_COMMA = YES;
				CLANG_WARN_CONSTANT_CONVERSION = YES;
				CLANG_WARN_DEPRECATED_OBJC_IMPLEMENTATIONS = YES;
				CLANG_WARN_DIRECT_OBJC_ISA_USAGE = YES_ERROR;
				CLANG_WARN_DOCUMENTATION_COMMENTS = YES;
				CLANG_WARN_EMPTY_BODY = YES;
				CLANG_WARN_ENUM_CONVERSION = YES;
				CLANG_WARN_INFINITE_RECURSION = YES;
				CLANG_WARN_INT_CONVERSION = YES;
				CLANG_WARN_NON_LITERAL_NULL_CONVERSION = YES;
				CLANG_WARN_OBJC_IMPLICIT_RETAIN_SELF = YES;
				CLANG_WARN_OBJC_LITERAL_CONVERSION = YES;
				CLANG_WARN_OBJC_ROOT_CLASS = YES_ERROR;
				CLANG_WARN_RANGE_LOOP_ANALYSIS = YES;
				CLANG_WARN_STRICT_PROTOTYPES = YES;
				CLANG_WARN_SUSPICIOUS_MOVE = YES;
				CLANG_WARN_UNGUARDED_AVAILABILITY = YES_AGGRESSIVE;
				CLANG_WARN_UNREACHABLE_CODE = YES;
				CLANG_WARN__DUPLICATE_METHOD_MATCH = YES;
				COPY_PHASE_STRIP = NO;
				DEBUG_INFORMATION_FORMAT = dwarf;
				ENABLE_STRICT_OBJC_MSGSEND = YES;
				ENABLE_TESTABILITY = YES;
				GCC_C_LANGUAGE_STANDARD = gnu11;
				GCC_DYNAMIC_NO_PIC = NO;
				GCC_NO_COMMON_BLOCKS = YES;
				GCC_OPTIMIZATION_LEVEL = 0;
				GCC_PREPROCESSOR_DEFINITIONS = (
					"DEBUG=1",
					"$(inherited)",
				);
				GCC_WARN_64_TO_32_BIT_CONVERSION = YES;
				GCC_WARN_ABOUT_RETURN_TYPE = YES_ERROR;
				GCC_WARN_UNDECLARED_SELECTOR = YES;
				GCC_WARN_UNINITIALIZED_AUTOS = YES_AGGRESSIVE;
				GCC_WARN_UNUSED_FUNCTION = YES;
				GCC_WARN_UNUSED_VARIABLE = YES;
				IPHONEOS_DEPLOYMENT_TARGET = 13.1;
				MTL_ENABLE_DEBUG_INFO = INCLUDE_SOURCE;
				MTL_FAST_MATH = YES;
				ONLY_ACTIVE_ARCH = YES;
				SDKROOT = iphoneos;
				SWIFT_ACTIVE_COMPILATION_CONDITIONS = DEBUG;
				SWIFT_OPTIMIZATION_LEVEL = "-Onone";
			};
			name = Debug;
		};
		ED0F41C12359886800A6ADEB /* Release */ = {
			isa = XCBuildConfiguration;
			buildSettings = {
				ALWAYS_SEARCH_USER_PATHS = NO;
				CLANG_ANALYZER_NONNULL = YES;
				CLANG_ANALYZER_NUMBER_OBJECT_CONVERSION = YES_AGGRESSIVE;
				CLANG_CXX_LANGUAGE_STANDARD = "gnu++14";
				CLANG_CXX_LIBRARY = "libc++";
				CLANG_ENABLE_MODULES = YES;
				CLANG_ENABLE_OBJC_ARC = YES;
				CLANG_ENABLE_OBJC_WEAK = YES;
				CLANG_WARN_BLOCK_CAPTURE_AUTORELEASING = YES;
				CLANG_WARN_BOOL_CONVERSION = YES;
				CLANG_WARN_COMMA = YES;
				CLANG_WARN_CONSTANT_CONVERSION = YES;
				CLANG_WARN_DEPRECATED_OBJC_IMPLEMENTATIONS = YES;
				CLANG_WARN_DIRECT_OBJC_ISA_USAGE = YES_ERROR;
				CLANG_WARN_DOCUMENTATION_COMMENTS = YES;
				CLANG_WARN_EMPTY_BODY = YES;
				CLANG_WARN_ENUM_CONVERSION = YES;
				CLANG_WARN_INFINITE_RECURSION = YES;
				CLANG_WARN_INT_CONVERSION = YES;
				CLANG_WARN_NON_LITERAL_NULL_CONVERSION = YES;
				CLANG_WARN_OBJC_IMPLICIT_RETAIN_SELF = YES;
				CLANG_WARN_OBJC_LITERAL_CONVERSION = YES;
				CLANG_WARN_OBJC_ROOT_CLASS = YES_ERROR;
				CLANG_WARN_RANGE_LOOP_ANALYSIS = YES;
				CLANG_WARN_STRICT_PROTOTYPES = YES;
				CLANG_WARN_SUSPICIOUS_MOVE = YES;
				CLANG_WARN_UNGUARDED_AVAILABILITY = YES_AGGRESSIVE;
				CLANG_WARN_UNREACHABLE_CODE = YES;
				CLANG_WARN__DUPLICATE_METHOD_MATCH = YES;
				COPY_PHASE_STRIP = NO;
				DEBUG_INFORMATION_FORMAT = "dwarf-with-dsym";
				ENABLE_NS_ASSERTIONS = NO;
				ENABLE_STRICT_OBJC_MSGSEND = YES;
				GCC_C_LANGUAGE_STANDARD = gnu11;
				GCC_NO_COMMON_BLOCKS = YES;
				GCC_WARN_64_TO_32_BIT_CONVERSION = YES;
				GCC_WARN_ABOUT_RETURN_TYPE = YES_ERROR;
				GCC_WARN_UNDECLARED_SELECTOR = YES;
				GCC_WARN_UNINITIALIZED_AUTOS = YES_AGGRESSIVE;
				GCC_WARN_UNUSED_FUNCTION = YES;
				GCC_WARN_UNUSED_VARIABLE = YES;
				IPHONEOS_DEPLOYMENT_TARGET = 13.1;
				MTL_ENABLE_DEBUG_INFO = NO;
				MTL_FAST_MATH = YES;
				SDKROOT = iphoneos;
				SWIFT_COMPILATION_MODE = wholemodule;
				SWIFT_OPTIMIZATION_LEVEL = "-O";
				VALIDATE_PRODUCT = YES;
			};
			name = Release;
		};
		ED0F41C32359886800A6ADEB /* Debug */ = {
			isa = XCBuildConfiguration;
			baseConfigurationReference = 744C36C940C610E6C669C9CA /* Pods-CrazyRequest.debug.xcconfig */;
			buildSettings = {
				ASSETCATALOG_COMPILER_APPICON_NAME = AppIcon;
				CODE_SIGN_STYLE = Automatic;
				DEVELOPMENT_TEAM = 37DXBWQK86;
				INFOPLIST_FILE = CrazyRequest/Info.plist;
				LD_RUNPATH_SEARCH_PATHS = (
					"$(inherited)",
					"@executable_path/Frameworks",
				);
				PRODUCT_BUNDLE_IDENTIFIER = com.liyue.CrazyRequest;
				PRODUCT_NAME = "$(TARGET_NAME)";
				SWIFT_VERSION = 5.0;
				TARGETED_DEVICE_FAMILY = "1,2";
			};
			name = Debug;
		};
		ED0F41C42359886800A6ADEB /* Release */ = {
			isa = XCBuildConfiguration;
			baseConfigurationReference = E99B798140C8D4CE46FABAEA /* Pods-CrazyRequest.release.xcconfig */;
			buildSettings = {
				ASSETCATALOG_COMPILER_APPICON_NAME = AppIcon;
				CODE_SIGN_STYLE = Automatic;
				DEVELOPMENT_TEAM = 37DXBWQK86;
				INFOPLIST_FILE = CrazyRequest/Info.plist;
				LD_RUNPATH_SEARCH_PATHS = (
					"$(inherited)",
					"@executable_path/Frameworks",
				);
				PRODUCT_BUNDLE_IDENTIFIER = com.liyue.CrazyRequest;
				PRODUCT_NAME = "$(TARGET_NAME)";
				SWIFT_VERSION = 5.0;
				TARGETED_DEVICE_FAMILY = "1,2";
			};
			name = Release;
		};
/* End XCBuildConfiguration section */

/* Begin XCConfigurationList section */
		ED0F41A92359886600A6ADEB /* Build configuration list for PBXProject "CrazyRequest" */ = {
			isa = XCConfigurationList;
			buildConfigurations = (
				ED0F41C02359886800A6ADEB /* Debug */,
				ED0F41C12359886800A6ADEB /* Release */,
			);
			defaultConfigurationIsVisible = 0;
			defaultConfigurationName = Release;
		};
		ED0F41C22359886800A6ADEB /* Build configuration list for PBXNativeTarget "CrazyRequest" */ = {
			isa = XCConfigurationList;
			buildConfigurations = (
				ED0F41C32359886800A6ADEB /* Debug */,
				ED0F41C42359886800A6ADEB /* Release */,
			);
			defaultConfigurationIsVisible = 0;
			defaultConfigurationName = Release;
		};
/* End XCConfigurationList section */
	};
	rootObject = ED0F41A62359886600A6ADEB /* Project object */;
}
